
Microsoft Visual Studio Solution File, Format Version 12.00
# Visual Studio 15
Project("{FAE04EC0-301F-11D3-BF4B-00C04F79EFBC}") = "Iron Oasis", "Assembly-CSharp.csproj", "{F42BADFF-ED42-D3C8-11FA-60D48CBC097C}"
EndProject
Project("{FAE04EC0-301F-11D3-BF4B-00C04F79EFBC}") = "Iron Oasis", "Assembly-CSharp-Editor.csproj", "{B6B4DD33-801F-5BB6-506C-C0BCA1F41210}"
EndProject
Global
	GlobalSection(SolutionConfigurationPlatforms) = preSolution
		Debug|Any CPU = Debug|Any CPU
		Release|Any CPU = Release|Any CPU
	EndGlobalSection
	GlobalSection(ProjectConfigurationPlatforms) = postSolution
		{F42BADFF-ED42-D3C8-11FA-60D48CBC097C}.Debug|Any CPU.ActiveCfg = Debug|Any CPU
		{F42BADFF-ED42-D3C8-11FA-60D48CBC097C}.Debug|Any CPU.Build.0 = Debug|Any CPU
		{F42BADFF-ED42-D3C8-11FA-60D48CBC097C}.Release|Any CPU.ActiveCfg = Release|Any CPU
		{F42BADFF-ED42-D3C8-11FA-60D48CBC097C}.Release|Any CPU.Build.0 = Release|Any CPU
		{B6B4DD33-801F-5BB6-506C-C0BCA1F41210}.Debug|Any CPU.ActiveCfg = Debug|Any CPU
		{B6B4DD33-801F-5BB6-506C-C0BCA1F41210}.Debug|Any CPU.Build.0 = Debug|Any CPU
		{B6B4DD33-801F-5BB6-506C-C0BCA1F41210}.Release|Any CPU.ActiveCfg = Release|Any CPU
		{B6B4DD33-801F-5BB6-506C-C0BCA1F41210}.Release|Any CPU.Build.0 = Release|Any CPU
	EndGlobalSection
	GlobalSection(SolutionProperties) = preSolution
		HideSolutionNode = FALSE
	EndGlobalSection
EndGlobal
